
Microsoft Visual Studio Solution File, Format Version 12.00
# Visual Studio Version 17
VisualStudioVersion = 17.1.32228.430
MinimumVisualStudioVersion = 10.0.40219.1
Project("{FAE04EC0-301F-11D3-BF4B-00C04F79EFBC}") = "ContactsApp.View", "ContactsApp.View\ContactsApp.View.csproj", "{7026C9F7-5B23-49EC-9C4F-7CBD438C4517}"
EndProject
Project("{FAE04EC0-301F-11D3-BF4B-00C04F79EFBC}") = "ContactsApp.Model", "ContactsApp.Model\ContactsApp.Model.csproj", "{E8B922CA-B4C2-49A4-836B-D2BAA47B93B6}"
EndProject
Project("{2150E333-8FDC-42A3-9474-1A3956D46DE8}") = "Testing", "Testing", "{9D6DD6E8-9BC0-40E1-8979-344B4C44B0A0}"
EndProject
Project("{FAE04EC0-301F-11D3-BF4B-00C04F79EFBC}") = "ContactsApp.UnitTests", "ContactsApp.UnitTests\ContactsApp.UnitTests.csproj", "{9328A07D-E6B4-4D89-8940-4D2F1B671F93}"
EndProject
Project("{2150E333-8FDC-42A3-9474-1A3956D46DE8}") = "docs", "docs", "{8CEB0B7B-4CB0-477F-B471-35974D0B1EEB}"
	ProjectSection(SolutionItems) = preProject
		..\..\docs\2023_05_22 explanatory note 1.1.docx = ..\..\docs\2023_05_22 explanatory note 1.1.docx
		..\..\docs\2023_05_30 - iteration 1 retrospective.docx = ..\..\docs\2023_05_30 - iteration 1 retrospective.docx
	EndProjectSection
EndProject
Global
	GlobalSection(SolutionConfigurationPlatforms) = preSolution
		Debug|Any CPU = Debug|Any CPU
		Release|Any CPU = Release|Any CPU
	EndGlobalSection
	GlobalSection(ProjectConfigurationPlatforms) = postSolution
		{7026C9F7-5B23-49EC-9C4F-7CBD438C4517}.Debug|Any CPU.ActiveCfg = Debug|Any CPU
		{7026C9F7-5B23-49EC-9C4F-7CBD438C4517}.Debug|Any CPU.Build.0 = Debug|Any CPU
		{7026C9F7-5B23-49EC-9C4F-7CBD438C4517}.Release|Any CPU.ActiveCfg = Release|Any CPU
		{7026C9F7-5B23-49EC-9C4F-7CBD438C4517}.Release|Any CPU.Build.0 = Release|Any CPU
		{E8B922CA-B4C2-49A4-836B-D2BAA47B93B6}.Debug|Any CPU.ActiveCfg = Debug|Any CPU
		{E8B922CA-B4C2-49A4-836B-D2BAA47B93B6}.Debug|Any CPU.Build.0 = Debug|Any CPU
		{E8B922CA-B4C2-49A4-836B-D2BAA47B93B6}.Release|Any CPU.ActiveCfg = Release|Any CPU
		{E8B922CA-B4C2-49A4-836B-D2BAA47B93B6}.Release|Any CPU.Build.0 = Release|Any CPU
		{9328A07D-E6B4-4D89-8940-4D2F1B671F93}.Debug|Any CPU.ActiveCfg = Debug|Any CPU
		{9328A07D-E6B4-4D89-8940-4D2F1B671F93}.Debug|Any CPU.Build.0 = Debug|Any CPU
		{9328A07D-E6B4-4D89-8940-4D2F1B671F93}.Release|Any CPU.ActiveCfg = Release|Any CPU
		{9328A07D-E6B4-4D89-8940-4D2F1B671F93}.Release|Any CPU.Build.0 = Release|Any CPU
	EndGlobalSection
	GlobalSection(SolutionProperties) = preSolution
		HideSolutionNode = FALSE
	EndGlobalSection
	GlobalSection(NestedProjects) = preSolution
		{9328A07D-E6B4-4D89-8940-4D2F1B671F93} = {9D6DD6E8-9BC0-40E1-8979-344B4C44B0A0}
	EndGlobalSection
	GlobalSection(ExtensibilityGlobals) = postSolution
		SolutionGuid = {8163A7AF-E5DA-4C65-9B33-6EE6180F9DA1}
	EndGlobalSection
EndGlobal
